
Microsoft Visual Studio Solution File, Format Version 12.00
# Visual Studio Version 17
VisualStudioVersion = 17.7.34024.191
MinimumVisualStudioVersion = 10.0.40219.1
Project("{FAE04EC0-301F-11D3-BF4B-00C04F79EFBC}") = "Fiap.Api.MedShare", "Fiap.Api.MedShare\Fiap.Api.MedShare.csproj", "{1CDD87C2-8303-46D6-85F9-3D4512B9C05F}"
EndProject
Global
	GlobalSection(SolutionConfigurationPlatforms) = preSolution
		Debug|Any CPU = Debug|Any CPU
		Release|Any CPU = Release|Any CPU
	EndGlobalSection
	GlobalSection(ProjectConfigurationPlatforms) = postSolution
		{1CDD87C2-8303-46D6-85F9-3D4512B9C05F}.Debug|Any CPU.ActiveCfg = Debug|Any CPU
		{1CDD87C2-8303-46D6-85F9-3D4512B9C05F}.Debug|Any CPU.Build.0 = Debug|Any CPU
		{1CDD87C2-8303-46D6-85F9-3D4512B9C05F}.Release|Any CPU.ActiveCfg = Release|Any CPU
		{1CDD87C2-8303-46D6-85F9-3D4512B9C05F}.Release|Any CPU.Build.0 = Release|Any CPU
	EndGlobalSection
	GlobalSection(SolutionProperties) = preSolution
		HideSolutionNode = FALSE
	EndGlobalSection
	GlobalSection(ExtensibilityGlobals) = postSolution
		SolutionGuid = {AC1C96EF-E485-421C-A1FF-3EF061E95E6C}
	EndGlobalSection
EndGlobal
